// !$*UTF8*$!
{
	archiveVersion = 1;
	classes = {
	};
	objectVersion = 51;
	objects = {

/* Begin PBXBuildFile section */
		27ACEB1FEB78643A3A7138A2 /* Pods_LearnReactorKit.framework in Frameworks */ = {isa = PBXBuildFile; fileRef = F7E947F07C3F1E651363E4DC /* Pods_LearnReactorKit.framework */; };
		BBB3D7542755326A003632BC /* AppDelegate.swift in Sources */ = {isa = PBXBuildFile; fileRef = BBB3D7532755326A003632BC /* AppDelegate.swift */; };
		BBB3D7562755326A003632BC /* SceneDelegate.swift in Sources */ = {isa = PBXBuildFile; fileRef = BBB3D7552755326A003632BC /* SceneDelegate.swift */; };
		BBB3D7582755326A003632BC /* ViewController.swift in Sources */ = {isa = PBXBuildFile; fileRef = BBB3D7572755326A003632BC /* ViewController.swift */; };
		BBB3D75B2755326A003632BC /* Main.storyboard in Resources */ = {isa = PBXBuildFile; fileRef = BBB3D7592755326A003632BC /* Main.storyboard */; };
		BBB3D75D2755326B003632BC /* Assets.xcassets in Resources */ = {isa = PBXBuildFile; fileRef = BBB3D75C2755326B003632BC /* Assets.xcassets */; };
		BBB3D7602755326B003632BC /* LaunchScreen.storyboard in Resources */ = {isa = PBXBuildFile; fileRef = BBB3D75E2755326B003632BC /* LaunchScreen.storyboard */; };
		BBB3D776275541CD003632BC /* ViewControllerReactor.swift in Sources */ = {isa = PBXBuildFile; fileRef = BBB3D775275541CD003632BC /* ViewControllerReactor.swift */; };
/* End PBXBuildFile section */

/* Begin PBXFileReference section */
		7F9062A2A3B78E3DF4B1B2AE /* Pods-LearnReactorKit.debug.xcconfig */ = {isa = PBXFileReference; includeInIndex = 1; lastKnownFileType = text.xcconfig; name = "Pods-LearnReactorKit.debug.xcconfig"; path = "Target Support Files/Pods-LearnReactorKit/Pods-LearnReactorKit.debug.xcconfig"; sourceTree = "<group>"; };
		A82F919A68037CBF1C169A2C /* Pods-LearnReactorKit.release.xcconfig */ = {isa = PBXFileReference; includeInIndex = 1; lastKnownFileType = text.xcconfig; name = "Pods-LearnReactorKit.release.xcconfig"; path = "Target Support Files/Pods-LearnReactorKit/Pods-LearnReactorKit.release.xcconfig"; sourceTree = "<group>"; };
		BBB3D7502755326A003632BC /* LearnReactorKit.app */ = {isa = PBXFileReference; explicitFileType = wrapper.application; includeInIndex = 0; path = LearnReactorKit.app; sourceTree = BUILT_PRODUCTS_DIR; };
		BBB3D7532755326A003632BC /* AppDelegate.swift */ = {isa = PBXFileReference; lastKnownFileType = sourcecode.swift; path = AppDelegate.swift; sourceTree = "<group>"; };
		BBB3D7552755326A003632BC /* SceneDelegate.swift */ = {isa = PBXFileReference; lastKnownFileType = sourcecode.swift; path = SceneDelegate.swift; sourceTree = "<group>"; };
		BBB3D7572755326A003632BC /* ViewController.swift */ = {isa = PBXFileReference; lastKnownFileType = sourcecode.swift; path = ViewController.swift; sourceTree = "<group>"; };
		BBB3D75A2755326A003632BC /* Base */ = {isa = PBXFileReference; lastKnownFileType = file.storyboard; name = Base; path = Base.lproj/Main.storyboard; sourceTree = "<group>"; };
		BBB3D75C2755326B003632BC /* Assets.xcassets */ = {isa = PBXFileReference; lastKnownFileType = folder.assetcatalog; path = Assets.xcassets; sourceTree = "<group>"; };
		BBB3D75F2755326B003632BC /* Base */ = {isa = PBXFileReference; lastKnownFileType = file.storyboard; name = Base; path = Base.lproj/LaunchScreen.storyboard; sourceTree = "<group>"; };
		BBB3D7612755326B003632BC /* Info.plist */ = {isa = PBXFileReference; lastKnownFileType = text.plist.xml; path = Info.plist; sourceTree = "<group>"; };
		BBB3D775275541CD003632BC /* ViewControllerReactor.swift */ = {isa = PBXFileReference; lastKnownFileType = sourcecode.swift; path = ViewControllerReactor.swift; sourceTree = "<group>"; };
		F7E947F07C3F1E651363E4DC /* Pods_LearnReactorKit.framework */ = {isa = PBXFileReference; explicitFileType = wrapper.framework; includeInIndex = 0; path = Pods_LearnReactorKit.framework; sourceTree = BUILT_PRODUCTS_DIR; };
/* End PBXFileReference section */

/* Begin PBXFrameworksBuildPhase section */
		BBB3D74D2755326A003632BC /* Frameworks */ = {
			isa = PBXFrameworksBuildPhase;
			buildActionMask = 2147483647;
			files = (
				27ACEB1FEB78643A3A7138A2 /* Pods_LearnReactorKit.framework in Frameworks */,
			);
			runOnlyForDeploymentPostprocessing = 0;
		};
/* End PBXFrameworksBuildPhase section */

/* Begin PBXGroup section */
		540846D933A7906277AFA8E0 /* Frameworks */ = {
			isa = PBXGroup;
			children = (
				F7E947F07C3F1E651363E4DC /* Pods_LearnReactorKit.framework */,
			);
			name = Frameworks;
			sourceTree = "<group>";
		};
		BBB3D7472755326A003632BC = {
			isa = PBXGroup;
			children = (
				BBB3D7522755326A003632BC /* LearnReactorKit */,
				BBB3D7512755326A003632BC /* Products */,
				C0AB6095E6CEA6153294884E /* Pods */,
				540846D933A7906277AFA8E0 /* Frameworks */,
			);
			sourceTree = "<group>";
		};
		BBB3D7512755326A003632BC /* Products */ = {
			isa = PBXGroup;
			children = (
				BBB3D7502755326A003632BC /* LearnReactorKit.app */,
			);
			name = Products;
			sourceTree = "<group>";
		};
		BBB3D7522755326A003632BC /* LearnReactorKit */ = {
			isa = PBXGroup;
			children = (
				BBB3D7532755326A003632BC /* AppDelegate.swift */,
				BBB3D7552755326A003632BC /* SceneDelegate.swift */,
				BBB3D7572755326A003632BC /* ViewController.swift */,
				BBB3D775275541CD003632BC /* ViewControllerReactor.swift */,
				BBB3D7592755326A003632BC /* Main.storyboard */,
				BBB3D75C2755326B003632BC /* Assets.xcassets */,
				BBB3D75E2755326B003632BC /* LaunchScreen.storyboard */,
				BBB3D7612755326B003632BC /* Info.plist */,
			);
			path = LearnReactorKit;
			sourceTree = "<group>";
		};
		C0AB6095E6CEA6153294884E /* Pods */ = {
			isa = PBXGroup;
			children = (
				7F9062A2A3B78E3DF4B1B2AE /* Pods-LearnReactorKit.debug.xcconfig */,
				A82F919A68037CBF1C169A2C /* Pods-LearnReactorKit.release.xcconfig */,
			);
			path = Pods;
			sourceTree = "<group>";
		};
/* End PBXGroup section */

/* Begin PBXNativeTarget section */
		BBB3D74F2755326A003632BC /* LearnReactorKit */ = {
			isa = PBXNativeTarget;
			buildConfigurationList = BBB3D7642755326B003632BC /* Build configuration list for PBXNativeTarget "LearnReactorKit" */;
			buildPhases = (
				511B986DC428240E18CA64B7 /* [CP] Check Pods Manifest.lock */,
				BBB3D74C2755326A003632BC /* Sources */,
				BBB3D74D2755326A003632BC /* Frameworks */,
				BBB3D74E2755326A003632BC /* Resources */,
				F9711F39924A3FB3BB27CAC9 /* [CP] Embed Pods Frameworks */,
			);
			buildRules = (
			);
			dependencies = (
			);
			name = LearnReactorKit;
			productName = LearnReactorKit;
			productReference = BBB3D7502755326A003632BC /* LearnReactorKit.app */;
			productType = "com.apple.product-type.application";
		};
/* End PBXNativeTarget section */

/* Begin PBXProject section */
		BBB3D7482755326A003632BC /* Project object */ = {
			isa = PBXProject;
			attributes = {
				LastSwiftUpdateCheck = 1240;
				LastUpgradeCheck = 1240;
				TargetAttributes = {
					BBB3D74F2755326A003632BC = {
						CreatedOnToolsVersion = 12.4;
					};
				};
			};
			buildConfigurationList = BBB3D74B2755326A003632BC /* Build configuration list for PBXProject "LearnReactorKit" */;
			compatibilityVersion = "Xcode 9.3";
			developmentRegion = en;
			hasScannedForEncodings = 0;
			knownRegions = (
				en,
				Base,
			);
			mainGroup = BBB3D7472755326A003632BC;
			productRefGroup = BBB3D7512755326A003632BC /* Products */;
			projectDirPath = "";
			projectRoot = "";
			targets = (
				BBB3D74F2755326A003632BC /* LearnReactorKit */,
			);
		};
/* End PBXProject section */

/* Begin PBXResourcesBuildPhase section */
		BBB3D74E2755326A003632BC /* Resources */ = {
			isa = PBXResourcesBuildPhase;
			buildActionMask = 2147483647;
			files = (
				BBB3D7602755326B003632BC /* LaunchScreen.storyboard in Resources */,
				BBB3D75D2755326B003632BC /* Assets.xcassets in Resources */,
				BBB3D75B2755326A003632BC /* Main.storyboard in Resources */,
			);
			runOnlyForDeploymentPostprocessing = 0;
		};
/* End PBXResourcesBuildPhase section */

/* Begin PBXShellScriptBuildPhase section */
		511B986DC428240E18CA64B7 /* [CP] Check Pods Manifest.lock */ = {
			isa = PBXShellScriptBuildPhase;
			buildActionMask = 2147483647;
			files = (
			);
			inputFileListPaths = (
			);
			inputPaths = (
				"${PODS_PODFILE_DIR_PATH}/Podfile.lock",
				"${PODS_ROOT}/Manifest.lock",
			);
			name = "[CP] Check Pods Manifest.lock";
			outputFileListPaths = (
			);
			outputPaths = (
				"$(DERIVED_FILE_DIR)/Pods-LearnReactorKit-checkManifestLockResult.txt",
			);
			runOnlyForDeploymentPostprocessing = 0;
			shellPath = /bin/sh;
			shellScript = "diff \"${PODS_PODFILE_DIR_PATH}/Podfile.lock\" \"${PODS_ROOT}/Manifest.lock\" > /dev/null\nif [ $? != 0 ] ; then\n    # print error to STDERR\n    echo \"error: The sandbox is not in sync with the Podfile.lock. Run 'pod install' or update your CocoaPods installation.\" >&2\n    exit 1\nfi\n# This output is used by Xcode 'outputs' to avoid re-running this script phase.\necho \"SUCCESS\" > \"${SCRIPT_OUTPUT_FILE_0}\"\n";
			showEnvVarsInLog = 0;
		};
		F9711F39924A3FB3BB27CAC9 /* [CP] Embed Pods Frameworks */ = {
			isa = PBXShellScriptBuildPhase;
			buildActionMask = 2147483647;
			files = (
			);
			inputFileListPaths = (
				"${PODS_ROOT}/Target Support Files/Pods-LearnReactorKit/Pods-LearnReactorKit-frameworks-${CONFIGURATION}-input-files.xcfilelist",
			);
			name = "[CP] Embed Pods Frameworks";
			outputFileListPaths = (
				"${PODS_ROOT}/Target Support Files/Pods-LearnReactorKit/Pods-LearnReactorKit-frameworks-${CONFIGURATION}-output-files.xcfilelist",
			);
			runOnlyForDeploymentPostprocessing = 0;
			shellPath = /bin/sh;
			shellScript = "\"${PODS_ROOT}/Target Support Files/Pods-LearnReactorKit/Pods-LearnReactorKit-frameworks.sh\"\n";
			showEnvVarsInLog = 0;
		};
/* End PBXShellScriptBuildPhase section */

/* Begin PBXSourcesBuildPhase section */
		BBB3D74C2755326A003632BC /* Sources */ = {
			isa = PBXSourcesBuildPhase;
			buildActionMask = 2147483647;
			files = (
				BBB3D7582755326A003632BC /* ViewController.swift in Sources */,
				BBB3D776275541CD003632BC /* ViewControllerReactor.swift in Sources */,
				BBB3D7542755326A003632BC /* AppDelegate.swift in Sources */,
				BBB3D7562755326A003632BC /* SceneDelegate.swift in Sources */,
			);
			runOnlyForDeploymentPostprocessing = 0;
		};
/* End PBXSourcesBuildPhase section */

/* Begin PBXVariantGroup section */
		BBB3D7592755326A003632BC /* Main.storyboard */ = {
			isa = PBXVariantGroup;
			children = (
				BBB3D75A2755326A003632BC /* Base */,
			);
			name = Main.storyboard;
			sourceTree = "<group>";
		};
		BBB3D75E2755326B003632BC /* LaunchScreen.storyboard */ = {
			isa = PBXVariantGroup;
			children = (
				BBB3D75F2755326B003632BC /* Base */,
			);
			name = LaunchScreen.storyboard;
			sourceTree = "<group>";
		};
/* End PBXVariantGroup section */

/* Begin XCBuildConfiguration section */
		BBB3D7622755326B003632BC /* Debug */ = {
			isa = XCBuildConfiguration;
			buildSettings = {
				ALWAYS_SEARCH_USER_PATHS = NO;
				CLANG_ANALYZER_NONNULL = YES;
				CLANG_ANALYZER_NUMBER_OBJECT_CONVERSION = YES_AGGRESSIVE;
				CLANG_CXX_LANGUAGE_STANDARD = "gnu++14";
				CLANG_CXX_LIBRARY = "libc++";
				CLANG_ENABLE_MODULES = YES;
				CLANG_ENABLE_OBJC_ARC = YES;
				CLANG_ENABLE_OBJC_WEAK = YES;
				CLANG_WARN_BLOCK_CAPTURE_AUTORELEASING = YES;
				CLANG_WARN_BOOL_CONVERSION = YES;
				CLANG_WARN_COMMA = YES;
				CLANG_WARN_CONSTANT_CONVERSION = YES;
				CLANG_WARN_DEPRECATED_OBJC_IMPLEMENTATIONS = YES;
				CLANG_WARN_DIRECT_OBJC_ISA_USAGE = YES_ERROR;
				CLANG_WARN_DOCUMENTATION_COMMENTS = YES;
				CLANG_WARN_EMPTY_BODY = YES;
				CLANG_WARN_ENUM_CONVERSION = YES;
				CLANG_WARN_INFINITE_RECURSION = YES;
				CLANG_WARN_INT_CONVERSION = YES;
				CLANG_WARN_NON_LITERAL_NULL_CONVERSION = YES;
				CLANG_WARN_OBJC_IMPLICIT_RETAIN_SELF = YES;
				CLANG_WARN_OBJC_LITERAL_CONVERSION = YES;
				CLANG_WARN_OBJC_ROOT_CLASS = YES_ERROR;
				CLANG_WARN_QUOTED_INCLUDE_IN_FRAMEWORK_HEADER = YES;
				CLANG_WARN_RANGE_LOOP_ANALYSIS = YES;
				CLANG_WARN_STRICT_PROTOTYPES = YES;
				CLANG_WARN_SUSPICIOUS_MOVE = YES;
				CLANG_WARN_UNGUARDED_AVAILABILITY = YES_AGGRESSIVE;
				CLANG_WARN_UNREACHABLE_CODE = YES;
				CLANG_WARN__DUPLICATE_METHOD_MATCH = YES;
				COPY_PHASE_STRIP = NO;
				DEBUG_INFORMATION_FORMAT = dwarf;
				ENABLE_STRICT_OBJC_MSGSEND = YES;
				ENABLE_TESTABILITY = YES;
				GCC_C_LANGUAGE_STANDARD = gnu11;
				GCC_DYNAMIC_NO_PIC = NO;
				GCC_NO_COMMON_BLOCKS = YES;
				GCC_OPTIMIZATION_LEVEL = 0;
				GCC_PREPROCESSOR_DEFINITIONS = (
					"DEBUG=1",
					"$(inherited)",
				);
				GCC_WARN_64_TO_32_BIT_CONVERSION = YES;
				GCC_WARN_ABOUT_RETURN_TYPE = YES_ERROR;
				GCC_WARN_UNDECLARED_SELECTOR = YES;
				GCC_WARN_UNINITIALIZED_AUTOS = YES_AGGRESSIVE;
				GCC_WARN_UNUSED_FUNCTION = YES;
				GCC_WARN_UNUSED_VARIABLE = YES;
				IPHONEOS_DEPLOYMENT_TARGET = 14.4;
				MTL_ENABLE_DEBUG_INFO = INCLUDE_SOURCE;
				MTL_FAST_MATH = YES;
				ONLY_ACTIVE_ARCH = YES;
				SDKROOT = iphoneos;
				SWIFT_ACTIVE_COMPILATION_CONDITIONS = DEBUG;
				SWIFT_OPTIMIZATION_LEVEL = "-Onone";
			};
			name = Debug;
		};
		BBB3D7632755326B003632BC /* Release */ = {
			isa = XCBuildConfiguration;
			buildSettings = {
				ALWAYS_SEARCH_USER_PATHS = NO;
				CLANG_ANALYZER_NONNULL = YES;
				CLANG_ANALYZER_NUMBER_OBJECT_CONVERSION = YES_AGGRESSIVE;
				CLANG_CXX_LANGUAGE_STANDARD = "gnu++14";
				CLANG_CXX_LIBRARY = "libc++";
				CLANG_ENABLE_MODULES = YES;
				CLANG_ENABLE_OBJC_ARC = YES;
				CLANG_ENABLE_OBJC_WEAK = YES;
				CLANG_WARN_BLOCK_CAPTURE_AUTORELEASING = YES;
				CLANG_WARN_BOOL_CONVERSION = YES;
				CLANG_WARN_COMMA = YES;
				CLANG_WARN_CONSTANT_CONVERSION = YES;
				CLANG_WARN_DEPRECATED_OBJC_IMPLEMENTATIONS = YES;
				CLANG_WARN_DIRECT_OBJC_ISA_USAGE = YES_ERROR;
				CLANG_WARN_DOCUMENTATION_COMMENTS = YES;
				CLANG_WARN_EMPTY_BODY = YES;
				CLANG_WARN_ENUM_CONVERSION = YES;
				CLANG_WARN_INFINITE_RECURSION = YES;
				CLANG_WARN_INT_CONVERSION = YES;
				CLANG_WARN_NON_LITERAL_NULL_CONVERSION = YES;
				CLANG_WARN_OBJC_IMPLICIT_RETAIN_SELF = YES;
				CLANG_WARN_OBJC_LITERAL_CONVERSION = YES;
				CLANG_WARN_OBJC_ROOT_CLASS = YES_ERROR;
				CLANG_WARN_QUOTED_INCLUDE_IN_FRAMEWORK_HEADER = YES;
				CLANG_WARN_RANGE_LOOP_ANALYSIS = YES;
				CLANG_WARN_STRICT_PROTOTYPES = YES;
				CLANG_WARN_SUSPICIOUS_MOVE = YES;
				CLANG_WARN_UNGUARDED_AVAILABILITY = YES_AGGRESSIVE;
				CLANG_WARN_UNREACHABLE_CODE = YES;
				CLANG_WARN__DUPLICATE_METHOD_MATCH = YES;
				COPY_PHASE_STRIP = NO;
				DEBUG_INFORMATION_FORMAT = "dwarf-with-dsym";
				ENABLE_NS_ASSERTIONS = NO;
				ENABLE_STRICT_OBJC_MSGSEND = YES;
				GCC_C_LANGUAGE_STANDARD = gnu11;
				GCC_NO_COMMON_BLOCKS = YES;
				GCC_WARN_64_TO_32_BIT_CONVERSION = YES;
				GCC_WARN_ABOUT_RETURN_TYPE = YES_ERROR;
				GCC_WARN_UNDECLARED_SELECTOR = YES;
				GCC_WARN_UNINITIALIZED_AUTOS = YES_AGGRESSIVE;
				GCC_WARN_UNUSED_FUNCTION = YES;
				GCC_WARN_UNUSED_VARIABLE = YES;
				IPHONEOS_DEPLOYMENT_TARGET = 14.4;
				MTL_ENABLE_DEBUG_INFO = NO;
				MTL_FAST_MATH = YES;
				SDKROOT = iphoneos;
				SWIFT_COMPILATION_MODE = wholemodule;
				SWIFT_OPTIMIZATION_LEVEL = "-O";
				VALIDATE_PRODUCT = YES;
			};
			name = Release;
		};
		BBB3D7652755326B003632BC /* Debug */ = {
			isa = XCBuildConfiguration;
			baseConfigurationReference = 7F9062A2A3B78E3DF4B1B2AE /* Pods-LearnReactorKit.debug.xcconfig */;
			buildSettings = {
				ASSETCATALOG_COMPILER_APPICON_NAME = AppIcon;
				ASSETCATALOG_COMPILER_GLOBAL_ACCENT_COLOR_NAME = AccentColor;
				CODE_SIGN_STYLE = Automatic;
				INFOPLIST_FILE = LearnReactorKit/Info.plist;
				LD_RUNPATH_SEARCH_PATHS = (
					"$(inherited)",
					"@executable_path/Frameworks",
				);
				PRODUCT_BUNDLE_IDENTIFIER = com.manhpham.LearnReactorKit;
				PRODUCT_NAME = "$(TARGET_NAME)";
				SWIFT_VERSION = 5.0;
				TARGETED_DEVICE_FAMILY = "1,2";
			};
			name = Debug;
		};
		BBB3D7662755326B003632BC /* Release */ = {
			isa = XCBuildConfiguration;
			baseConfigurationReference = A82F919A68037CBF1C169A2C /* Pods-LearnReactorKit.release.xcconfig */;
			buildSettings = {
				ASSETCATALOG_COMPILER_APPICON_NAME = AppIcon;
				ASSETCATALOG_COMPILER_GLOBAL_ACCENT_COLOR_NAME = AccentColor;
				CODE_SIGN_STYLE = Automatic;
				INFOPLIST_FILE = LearnReactorKit/Info.plist;
				LD_RUNPATH_SEARCH_PATHS = (
					"$(inherited)",
					"@executable_path/Frameworks",
				);
				PRODUCT_BUNDLE_IDENTIFIER = com.manhpham.LearnReactorKit;
				PRODUCT_NAME = "$(TARGET_NAME)";
				SWIFT_VERSION = 5.0;
				TARGETED_DEVICE_FAMILY = "1,2";
			};
			name = Release;
		};
/* End XCBuildConfiguration section */

/* Begin XCConfigurationList section */
		BBB3D74B2755326A003632BC /* Build configuration list for PBXProject "LearnReactorKit" */ = {
			isa = XCConfigurationList;
			buildConfigurations = (
				BBB3D7622755326B003632BC /* Debug */,
				BBB3D7632755326B003632BC /* Release */,
			);
			defaultConfigurationIsVisible = 0;
			defaultConfigurationName = Release;
		};
		BBB3D7642755326B003632BC /* Build configuration list for PBXNativeTarget "LearnReactorKit" */ = {
			isa = XCConfigurationList;
			buildConfigurations = (
				BBB3D7652755326B003632BC /* Debug */,
				BBB3D7662755326B003632BC /* Release */,
			);
			defaultConfigurationIsVisible = 0;
			defaultConfigurationName = Release;
		};
/* End XCConfigurationList section */
	};
	rootObject = BBB3D7482755326A003632BC /* Project object */;
}
